
Microsoft Visual Studio Solution File, Format Version 12.00
# Visual Studio Version 17
VisualStudioVersion = 17.3.32825.248
MinimumVisualStudioVersion = 10.0.40219.1
Project("{FAE04EC0-301F-11D3-BF4B-00C04F79EFBC}") = "DndSpellCards", "DndSpellCards.csproj", "{F8D6F9B7-A6BC-427E-986B-5FE2219FFF50}"
EndProject
Global
	GlobalSection(SolutionConfigurationPlatforms) = preSolution
		Debug|Any CPU = Debug|Any CPU
		Release|Any CPU = Release|Any CPU
	EndGlobalSection
	GlobalSection(ProjectConfigurationPlatforms) = postSolution
		{F8D6F9B7-A6BC-427E-986B-5FE2219FFF50}.Debug|Any CPU.ActiveCfg = Debug|Any CPU
		{F8D6F9B7-A6BC-427E-986B-5FE2219FFF50}.Debug|Any CPU.Build.0 = Debug|Any CPU
		{F8D6F9B7-A6BC-427E-986B-5FE2219FFF50}.Release|Any CPU.ActiveCfg = Release|Any CPU
		{F8D6F9B7-A6BC-427E-986B-5FE2219FFF50}.Release|Any CPU.Build.0 = Release|Any CPU
	EndGlobalSection
	GlobalSection(SolutionProperties) = preSolution
		HideSolutionNode = FALSE
	EndGlobalSection
	GlobalSection(ExtensibilityGlobals) = postSolution
		SolutionGuid = {E2D8BFFC-4484-454E-99E1-B47D8C0B60EB}
	EndGlobalSection
EndGlobal
